
Microsoft Visual Studio Solution File, Format Version 12.00
# Visual Studio Version 16
VisualStudioVersion = 16.0.29728.190
MinimumVisualStudioVersion = 10.0.40219.1
Project("{FAE04EC0-301F-11D3-BF4B-00C04F79EFBC}") = "VPXRMA", "VPXRMA\VPXRMA.csproj", "{331B56FD-765D-4365-A4E7-40F9A37460B7}"
EndProject
Global
	GlobalSection(SolutionConfigurationPlatforms) = preSolution
		Debug|Any CPU = Debug|Any CPU
		Release|Any CPU = Release|Any CPU
	EndGlobalSection
	GlobalSection(ProjectConfigurationPlatforms) = postSolution
		{331B56FD-765D-4365-A4E7-40F9A37460B7}.Debug|Any CPU.ActiveCfg = Debug|Any CPU
		{331B56FD-765D-4365-A4E7-40F9A37460B7}.Debug|Any CPU.Build.0 = Debug|Any CPU
		{331B56FD-765D-4365-A4E7-40F9A37460B7}.Release|Any CPU.ActiveCfg = Release|Any CPU
		{331B56FD-765D-4365-A4E7-40F9A37460B7}.Release|Any CPU.Build.0 = Release|Any CPU
	EndGlobalSection
	GlobalSection(SolutionProperties) = preSolution
		HideSolutionNode = FALSE
	EndGlobalSection
	GlobalSection(ExtensibilityGlobals) = postSolution
		SolutionGuid = {298267C9-A8C2-4944-89CF-9888D31033F9}
	EndGlobalSection
EndGlobal
